
Microsoft Visual Studio Solution File, Format Version 12.00
# Visual Studio Version 17
VisualStudioVersion = 17.11.35222.181
MinimumVisualStudioVersion = 10.0.40219.1
Project("{9A19103F-16F7-4668-BE54-9A1E7A4F7556}") = "ChoresAPI", "ChoresAPI\ChoresAPI.csproj", "{CD89501E-4E7E-46FD-8155-06F5DC5D0FB2}"
EndProject
Global
	GlobalSection(SolutionConfigurationPlatforms) = preSolution
		Debug|Any CPU = Debug|Any CPU
		Release|Any CPU = Release|Any CPU
	EndGlobalSection
	GlobalSection(ProjectConfigurationPlatforms) = postSolution
		{CD89501E-4E7E-46FD-8155-06F5DC5D0FB2}.Debug|Any CPU.ActiveCfg = Debug|Any CPU
		{CD89501E-4E7E-46FD-8155-06F5DC5D0FB2}.Debug|Any CPU.Build.0 = Debug|Any CPU
		{CD89501E-4E7E-46FD-8155-06F5DC5D0FB2}.Release|Any CPU.ActiveCfg = Release|Any CPU
		{CD89501E-4E7E-46FD-8155-06F5DC5D0FB2}.Release|Any CPU.Build.0 = Release|Any CPU
	EndGlobalSection
	GlobalSection(SolutionProperties) = preSolution
		HideSolutionNode = FALSE
	EndGlobalSection
	GlobalSection(ExtensibilityGlobals) = postSolution
		SolutionGuid = {E657D657-EBAC-4B1D-8EBB-B3BC577F0B9E}
	EndGlobalSection
EndGlobal
